
Microsoft Visual Studio Solution File, Format Version 12.00
# Visual Studio Version 17
VisualStudioVersion = 17.10.35122.118
MinimumVisualStudioVersion = 10.0.40219.1
Project("{FAE04EC0-301F-11D3-BF4B-00C04F79EFBC}") = "WindowsFormsEjercicio_3", "WindowsFormsEjercicio_3.csproj", "{5CDC7BC8-9237-468D-9E67-B0D0B5257086}"
EndProject
Global
	GlobalSection(SolutionConfigurationPlatforms) = preSolution
		Debug|Any CPU = Debug|Any CPU
		Release|Any CPU = Release|Any CPU
	EndGlobalSection
	GlobalSection(ProjectConfigurationPlatforms) = postSolution
		{5CDC7BC8-9237-468D-9E67-B0D0B5257086}.Debug|Any CPU.ActiveCfg = Debug|Any CPU
		{5CDC7BC8-9237-468D-9E67-B0D0B5257086}.Debug|Any CPU.Build.0 = Debug|Any CPU
		{5CDC7BC8-9237-468D-9E67-B0D0B5257086}.Release|Any CPU.ActiveCfg = Release|Any CPU
		{5CDC7BC8-9237-468D-9E67-B0D0B5257086}.Release|Any CPU.Build.0 = Release|Any CPU
	EndGlobalSection
	GlobalSection(SolutionProperties) = preSolution
		HideSolutionNode = FALSE
	EndGlobalSection
	GlobalSection(ExtensibilityGlobals) = postSolution
		SolutionGuid = {19860EAD-9505-465E-819B-336D29BC41C6}
	EndGlobalSection
EndGlobal
